
Microsoft Visual Studio Solution File, Format Version 11.00
# Visual Studio 2010
# SharpDevelop 5.1
Project("{FAE04EC0-301F-11D3-BF4B-00C04F79EFBC}") = "Base2art.MyFirstProject", "src\Base2art.MyFirstProject\Base2art.MyFirstProject.csproj", "{2012E02C-7275-4457-90C2-E0A37457E576}"
EndProject
Global
	GlobalSection(SolutionConfigurationPlatforms) = preSolution
		Debug|Any CPU = Debug|Any CPU
		Release|Any CPU = Release|Any CPU
	EndGlobalSection
	GlobalSection(ProjectConfigurationPlatforms) = postSolution
		{2012E02C-7275-4457-90C2-E0A37457E576}.Debug|Any CPU.ActiveCfg = Debug|Any CPU
		{2012E02C-7275-4457-90C2-E0A37457E576}.Debug|Any CPU.Build.0 = Debug|Any CPU
		{2012E02C-7275-4457-90C2-E0A37457E576}.Release|Any CPU.ActiveCfg = Release|Any CPU
		{2012E02C-7275-4457-90C2-E0A37457E576}.Release|Any CPU.Build.0 = Release|Any CPU
	EndGlobalSection
EndGlobal
